// !$*UTF8*$!
{
	archiveVersion = 1;
	classes = {
	};
	objectVersion = 50;
	objects = {

/* Begin PBXBuildFile section */
		9880CBA024CC8BFB00949E79 /* ArtObjectsViewController.swift in Sources */ = {isa = PBXBuildFile; fileRef = 9880CB9F24CC8BFB00949E79 /* ArtObjectsViewController.swift */; };
		9880CBA324CDE43B00949E79 /* ArtObjectTableViewCell.swift in Sources */ = {isa = PBXBuildFile; fileRef = 9880CBA224CDE43B00949E79 /* ArtObjectTableViewCell.swift */; };
		9880CBA624CDEC3D00949E79 /* ArtObject.swift in Sources */ = {isa = PBXBuildFile; fileRef = 9880CBA524CDEC3D00949E79 /* ArtObject.swift */; };
		98890B7724CC5DE400A8A268 /* MuseumApiClient.swift in Sources */ = {isa = PBXBuildFile; fileRef = 98890B7624CC5DE400A8A268 /* MuseumApiClient.swift */; };
		98890B7924CC759B00A8A268 /* CollectionResponse.swift in Sources */ = {isa = PBXBuildFile; fileRef = 98890B7824CC759B00A8A268 /* CollectionResponse.swift */; };
		98890B7B24CC788C00A8A268 /* DataResponseError.swift in Sources */ = {isa = PBXBuildFile; fileRef = 98890B7A24CC788C00A8A268 /* DataResponseError.swift */; };
		98890B7D24CC7E3900A8A268 /* HTTPURLResponse+successStatusCode.swift in Sources */ = {isa = PBXBuildFile; fileRef = 98890B7C24CC7E3900A8A268 /* HTTPURLResponse+successStatusCode.swift */; };
		98E17F7224CC387E00CC5493 /* AppDelegate.swift in Sources */ = {isa = PBXBuildFile; fileRef = 98E17F7124CC387E00CC5493 /* AppDelegate.swift */; };
		98E17F7424CC387E00CC5493 /* SceneDelegate.swift in Sources */ = {isa = PBXBuildFile; fileRef = 98E17F7324CC387E00CC5493 /* SceneDelegate.swift */; };
		98E17F7624CC387E00CC5493 /* ViewController.swift in Sources */ = {isa = PBXBuildFile; fileRef = 98E17F7524CC387E00CC5493 /* ViewController.swift */; };
		98E17F7924CC387E00CC5493 /* Main.storyboard in Resources */ = {isa = PBXBuildFile; fileRef = 98E17F7724CC387E00CC5493 /* Main.storyboard */; };
		98E17F7C24CC387E00CC5493 /* MuseumTest.xcdatamodeld in Sources */ = {isa = PBXBuildFile; fileRef = 98E17F7A24CC387E00CC5493 /* MuseumTest.xcdatamodeld */; };
		98E17F7E24CC388300CC5493 /* Assets.xcassets in Resources */ = {isa = PBXBuildFile; fileRef = 98E17F7D24CC388300CC5493 /* Assets.xcassets */; };
		98E17F8124CC388300CC5493 /* LaunchScreen.storyboard in Resources */ = {isa = PBXBuildFile; fileRef = 98E17F7F24CC388300CC5493 /* LaunchScreen.storyboard */; };
		98E87A8524CEBCF80004D609 /* ArtObjectsViewModel.swift in Sources */ = {isa = PBXBuildFile; fileRef = 98E87A8424CEBCF80004D609 /* ArtObjectsViewModel.swift */; };
		B82EE65A24CF38F200E999E8 /* PageManaged+CoreDataClass.swift in Sources */ = {isa = PBXBuildFile; fileRef = B82EE65624CF38F200E999E8 /* PageManaged+CoreDataClass.swift */; };
		B82EE65B24CF38F200E999E8 /* PageManaged+CoreDataProperties.swift in Sources */ = {isa = PBXBuildFile; fileRef = B82EE65724CF38F200E999E8 /* PageManaged+CoreDataProperties.swift */; };
		B82EE65C24CF38F200E999E8 /* ArtObjectManaged+CoreDataClass.swift in Sources */ = {isa = PBXBuildFile; fileRef = B82EE65824CF38F200E999E8 /* ArtObjectManaged+CoreDataClass.swift */; };
		B82EE65D24CF38F200E999E8 /* ArtObjectManaged+CoreDataProperties.swift in Sources */ = {isa = PBXBuildFile; fileRef = B82EE65924CF38F200E999E8 /* ArtObjectManaged+CoreDataProperties.swift */; };
		B82EE65F24CF3D8D00E999E8 /* CoreDataStack.swift in Sources */ = {isa = PBXBuildFile; fileRef = B82EE65E24CF3D8D00E999E8 /* CoreDataStack.swift */; };
		B8517C3B24D5E6230028E350 /* CoreDataService.swift in Sources */ = {isa = PBXBuildFile; fileRef = B8517C3A24D5E6230028E350 /* CoreDataService.swift */; };
		B87C1DB024D1E4D700730DDB /* WebImage.swift in Sources */ = {isa = PBXBuildFile; fileRef = B87C1DAF24D1E4D700730DDB /* WebImage.swift */; };
		B87C1DB324D2AF0F00730DDB /* TextError.swift in Sources */ = {isa = PBXBuildFile; fileRef = B87C1DB224D2AF0F00730DDB /* TextError.swift */; };
		B87C1DB524D2E61800730DDB /* ImageLoaderService.swift in Sources */ = {isa = PBXBuildFile; fileRef = B87C1DB424D2E61800730DDB /* ImageLoaderService.swift */; };
		B87C1DB824D343A700730DDB /* ImageManaged+CoreDataClass.swift in Sources */ = {isa = PBXBuildFile; fileRef = B87C1DB624D343A700730DDB /* ImageManaged+CoreDataClass.swift */; };
		B87C1DB924D343A700730DDB /* ImageManaged+CoreDataProperties.swift in Sources */ = {isa = PBXBuildFile; fileRef = B87C1DB724D343A700730DDB /* ImageManaged+CoreDataProperties.swift */; };
/* End PBXBuildFile section */

/* Begin PBXFileReference section */
		9880CB9F24CC8BFB00949E79 /* ArtObjectsViewController.swift */ = {isa = PBXFileReference; lastKnownFileType = sourcecode.swift; path = ArtObjectsViewController.swift; sourceTree = "<group>"; };
		9880CBA224CDE43B00949E79 /* ArtObjectTableViewCell.swift */ = {isa = PBXFileReference; lastKnownFileType = sourcecode.swift; path = ArtObjectTableViewCell.swift; sourceTree = "<group>"; };
		9880CBA524CDEC3D00949E79 /* ArtObject.swift */ = {isa = PBXFileReference; lastKnownFileType = sourcecode.swift; path = ArtObject.swift; sourceTree = "<group>"; };
		98890B7624CC5DE400A8A268 /* MuseumApiClient.swift */ = {isa = PBXFileReference; lastKnownFileType = sourcecode.swift; path = MuseumApiClient.swift; sourceTree = "<group>"; };
		98890B7824CC759B00A8A268 /* CollectionResponse.swift */ = {isa = PBXFileReference; lastKnownFileType = sourcecode.swift; path = CollectionResponse.swift; sourceTree = "<group>"; };
		98890B7A24CC788C00A8A268 /* DataResponseError.swift */ = {isa = PBXFileReference; lastKnownFileType = sourcecode.swift; path = DataResponseError.swift; sourceTree = "<group>"; };
		98890B7C24CC7E3900A8A268 /* HTTPURLResponse+successStatusCode.swift */ = {isa = PBXFileReference; lastKnownFileType = sourcecode.swift; path = "HTTPURLResponse+successStatusCode.swift"; sourceTree = "<group>"; };
		98E17F6E24CC387E00CC5493 /* MuseumTest.app */ = {isa = PBXFileReference; explicitFileType = wrapper.application; includeInIndex = 0; path = MuseumTest.app; sourceTree = BUILT_PRODUCTS_DIR; };
		98E17F7124CC387E00CC5493 /* AppDelegate.swift */ = {isa = PBXFileReference; lastKnownFileType = sourcecode.swift; path = AppDelegate.swift; sourceTree = "<group>"; };
		98E17F7324CC387E00CC5493 /* SceneDelegate.swift */ = {isa = PBXFileReference; lastKnownFileType = sourcecode.swift; path = SceneDelegate.swift; sourceTree = "<group>"; };
		98E17F7524CC387E00CC5493 /* ViewController.swift */ = {isa = PBXFileReference; lastKnownFileType = sourcecode.swift; path = ViewController.swift; sourceTree = "<group>"; };
		98E17F7824CC387E00CC5493 /* Base */ = {isa = PBXFileReference; lastKnownFileType = file.storyboard; name = Base; path = Base.lproj/Main.storyboard; sourceTree = "<group>"; };
		98E17F7B24CC387E00CC5493 /* MuseumTest.xcdatamodel */ = {isa = PBXFileReference; lastKnownFileType = wrapper.xcdatamodel; path = MuseumTest.xcdatamodel; sourceTree = "<group>"; };
		98E17F7D24CC388300CC5493 /* Assets.xcassets */ = {isa = PBXFileReference; lastKnownFileType = folder.assetcatalog; path = Assets.xcassets; sourceTree = "<group>"; };
		98E17F8024CC388300CC5493 /* Base */ = {isa = PBXFileReference; lastKnownFileType = file.storyboard; name = Base; path = Base.lproj/LaunchScreen.storyboard; sourceTree = "<group>"; };
		98E17F8224CC388300CC5493 /* Info.plist */ = {isa = PBXFileReference; lastKnownFileType = text.plist.xml; path = Info.plist; sourceTree = "<group>"; };
		98E87A8424CEBCF80004D609 /* ArtObjectsViewModel.swift */ = {isa = PBXFileReference; lastKnownFileType = sourcecode.swift; path = ArtObjectsViewModel.swift; sourceTree = "<group>"; };
		B82EE65624CF38F200E999E8 /* PageManaged+CoreDataClass.swift */ = {isa = PBXFileReference; lastKnownFileType = sourcecode.swift; path = "PageManaged+CoreDataClass.swift"; sourceTree = "<group>"; };
		B82EE65724CF38F200E999E8 /* PageManaged+CoreDataProperties.swift */ = {isa = PBXFileReference; lastKnownFileType = sourcecode.swift; path = "PageManaged+CoreDataProperties.swift"; sourceTree = "<group>"; };
		B82EE65824CF38F200E999E8 /* ArtObjectManaged+CoreDataClass.swift */ = {isa = PBXFileReference; lastKnownFileType = sourcecode.swift; path = "ArtObjectManaged+CoreDataClass.swift"; sourceTree = "<group>"; };
		B82EE65924CF38F200E999E8 /* ArtObjectManaged+CoreDataProperties.swift */ = {isa = PBXFileReference; lastKnownFileType = sourcecode.swift; path = "ArtObjectManaged+CoreDataProperties.swift"; sourceTree = "<group>"; };
		B82EE65E24CF3D8D00E999E8 /* CoreDataStack.swift */ = {isa = PBXFileReference; lastKnownFileType = sourcecode.swift; path = CoreDataStack.swift; sourceTree = "<group>"; };
		B8517C3A24D5E6230028E350 /* CoreDataService.swift */ = {isa = PBXFileReference; lastKnownFileType = sourcecode.swift; path = CoreDataService.swift; sourceTree = "<group>"; };
		B87C1DAF24D1E4D700730DDB /* WebImage.swift */ = {isa = PBXFileReference; lastKnownFileType = sourcecode.swift; path = WebImage.swift; sourceTree = "<group>"; };
		B87C1DB224D2AF0F00730DDB /* TextError.swift */ = {isa = PBXFileReference; lastKnownFileType = sourcecode.swift; path = TextError.swift; sourceTree = "<group>"; };
		B87C1DB424D2E61800730DDB /* ImageLoaderService.swift */ = {isa = PBXFileReference; lastKnownFileType = sourcecode.swift; path = ImageLoaderService.swift; sourceTree = "<group>"; };
		B87C1DB624D343A700730DDB /* ImageManaged+CoreDataClass.swift */ = {isa = PBXFileReference; lastKnownFileType = sourcecode.swift; path = "ImageManaged+CoreDataClass.swift"; sourceTree = "<group>"; };
		B87C1DB724D343A700730DDB /* ImageManaged+CoreDataProperties.swift */ = {isa = PBXFileReference; lastKnownFileType = sourcecode.swift; path = "ImageManaged+CoreDataProperties.swift"; sourceTree = "<group>"; };
/* End PBXFileReference section */

/* Begin PBXFrameworksBuildPhase section */
		98E17F6B24CC387E00CC5493 /* Frameworks */ = {
			isa = PBXFrameworksBuildPhase;
			buildActionMask = 2147483647;
			files = (
			);
			runOnlyForDeploymentPostprocessing = 0;
		};
/* End PBXFrameworksBuildPhase section */

/* Begin PBXGroup section */
		9880CBA124CDBE0200949E79 /* Models */ = {
			isa = PBXGroup;
			children = (
				B87C1DB124D2AED200730DDB /* CoreData */,
				98890B7824CC759B00A8A268 /* CollectionResponse.swift */,
				9880CBA524CDEC3D00949E79 /* ArtObject.swift */,
				B87C1DAF24D1E4D700730DDB /* WebImage.swift */,
				B87C1DB224D2AF0F00730DDB /* TextError.swift */,
			);
			path = Models;
			sourceTree = "<group>";
		};
		9880CBA424CDEB3900949E79 /* Views */ = {
			isa = PBXGroup;
			children = (
				98E17F7524CC387E00CC5493 /* ViewController.swift */,
				98E87A8424CEBCF80004D609 /* ArtObjectsViewModel.swift */,
				9880CB9F24CC8BFB00949E79 /* ArtObjectsViewController.swift */,
				9880CBA224CDE43B00949E79 /* ArtObjectTableViewCell.swift */,
			);
			path = Views;
			sourceTree = "<group>";
		};
		98890B7E24CC7EE600A8A268 /* Networking */ = {
			isa = PBXGroup;
			children = (
				B8517C3E24D6C7890028E350 /* Models */,
				98890B7624CC5DE400A8A268 /* MuseumApiClient.swift */,
				B87C1DB424D2E61800730DDB /* ImageLoaderService.swift */,
			);
			path = Networking;
			sourceTree = "<group>";
		};
		98E17F6524CC387E00CC5493 = {
			isa = PBXGroup;
			children = (
				98E17F7024CC387E00CC5493 /* MuseumTest */,
				98E17F6F24CC387E00CC5493 /* Products */,
			);
			indentWidth = 2;
			sourceTree = "<group>";
			tabWidth = 2;
		};
		98E17F6F24CC387E00CC5493 /* Products */ = {
			isa = PBXGroup;
			children = (
				98E17F6E24CC387E00CC5493 /* MuseumTest.app */,
			);
			name = Products;
			sourceTree = "<group>";
		};
		98E17F7024CC387E00CC5493 /* MuseumTest */ = {
			isa = PBXGroup;
			children = (
				9880CBA424CDEB3900949E79 /* Views */,
				9880CBA124CDBE0200949E79 /* Models */,
				98890B7E24CC7EE600A8A268 /* Networking */,
				B86E1B3724D5909F00CE95DE /* PersistentStore */,
				98E17F7124CC387E00CC5493 /* AppDelegate.swift */,
				98E17F7324CC387E00CC5493 /* SceneDelegate.swift */,
				98E17F7724CC387E00CC5493 /* Main.storyboard */,
				98E17F7D24CC388300CC5493 /* Assets.xcassets */,
				98E17F7F24CC388300CC5493 /* LaunchScreen.storyboard */,
				98E17F8224CC388300CC5493 /* Info.plist */,
			);
			path = MuseumTest;
			sourceTree = "<group>";
		};
		B8517C3E24D6C7890028E350 /* Models */ = {
			isa = PBXGroup;
			children = (
				98890B7A24CC788C00A8A268 /* DataResponseError.swift */,
				98890B7C24CC7E3900A8A268 /* HTTPURLResponse+successStatusCode.swift */,
			);
			path = Models;
			sourceTree = "<group>";
		};
		B86E1B3724D5909F00CE95DE /* PersistentStore */ = {
			isa = PBXGroup;
			children = (
				B82EE65E24CF3D8D00E999E8 /* CoreDataStack.swift */,
				B8517C3A24D5E6230028E350 /* CoreDataService.swift */,
			);
			path = PersistentStore;
			sourceTree = "<group>";
		};
		B87C1DB124D2AED200730DDB /* CoreData */ = {
			isa = PBXGroup;
			children = (
				98E17F7A24CC387E00CC5493 /* MuseumTest.xcdatamodeld */,
				B82EE65624CF38F200E999E8 /* PageManaged+CoreDataClass.swift */,
				B82EE65724CF38F200E999E8 /* PageManaged+CoreDataProperties.swift */,
				B82EE65824CF38F200E999E8 /* ArtObjectManaged+CoreDataClass.swift */,
				B82EE65924CF38F200E999E8 /* ArtObjectManaged+CoreDataProperties.swift */,
				B87C1DB624D343A700730DDB /* ImageManaged+CoreDataClass.swift */,
				B87C1DB724D343A700730DDB /* ImageManaged+CoreDataProperties.swift */,
			);
			path = CoreData;
			sourceTree = "<group>";
		};
/* End PBXGroup section */

/* Begin PBXNativeTarget section */
		98E17F6D24CC387E00CC5493 /* MuseumTest */ = {
			isa = PBXNativeTarget;
			buildConfigurationList = 98E17F8524CC388300CC5493 /* Build configuration list for PBXNativeTarget "MuseumTest" */;
			buildPhases = (
				98E17F6A24CC387E00CC5493 /* Sources */,
				98E17F6B24CC387E00CC5493 /* Frameworks */,
				98E17F6C24CC387E00CC5493 /* Resources */,
			);
			buildRules = (
			);
			dependencies = (
			);
			name = MuseumTest;
			productName = MuseumTest;
			productReference = 98E17F6E24CC387E00CC5493 /* MuseumTest.app */;
			productType = "com.apple.product-type.application";
		};
/* End PBXNativeTarget section */

/* Begin PBXProject section */
		98E17F6624CC387E00CC5493 /* Project object */ = {
			isa = PBXProject;
			attributes = {
				LastSwiftUpdateCheck = 1140;
				LastUpgradeCheck = 1140;
				ORGANIZATIONNAME = "Sedykh Kirill";
				TargetAttributes = {
					98E17F6D24CC387E00CC5493 = {
						CreatedOnToolsVersion = 11.4;
					};
				};
			};
			buildConfigurationList = 98E17F6924CC387E00CC5493 /* Build configuration list for PBXProject "MuseumTest" */;
			compatibilityVersion = "Xcode 9.3";
			developmentRegion = en;
			hasScannedForEncodings = 0;
			knownRegions = (
				en,
				Base,
			);
			mainGroup = 98E17F6524CC387E00CC5493;
			productRefGroup = 98E17F6F24CC387E00CC5493 /* Products */;
			projectDirPath = "";
			projectRoot = "";
			targets = (
				98E17F6D24CC387E00CC5493 /* MuseumTest */,
			);
		};
/* End PBXProject section */

/* Begin PBXResourcesBuildPhase section */
		98E17F6C24CC387E00CC5493 /* Resources */ = {
			isa = PBXResourcesBuildPhase;
			buildActionMask = 2147483647;
			files = (
				98E17F8124CC388300CC5493 /* LaunchScreen.storyboard in Resources */,
				98E17F7E24CC388300CC5493 /* Assets.xcassets in Resources */,
				98E17F7924CC387E00CC5493 /* Main.storyboard in Resources */,
			);
			runOnlyForDeploymentPostprocessing = 0;
		};
/* End PBXResourcesBuildPhase section */

/* Begin PBXSourcesBuildPhase section */
		98E17F6A24CC387E00CC5493 /* Sources */ = {
			isa = PBXSourcesBuildPhase;
			buildActionMask = 2147483647;
			files = (
				B82EE65A24CF38F200E999E8 /* PageManaged+CoreDataClass.swift in Sources */,
				98890B7924CC759B00A8A268 /* CollectionResponse.swift in Sources */,
				B87C1DB024D1E4D700730DDB /* WebImage.swift in Sources */,
				B82EE65C24CF38F200E999E8 /* ArtObjectManaged+CoreDataClass.swift in Sources */,
				98E17F7624CC387E00CC5493 /* ViewController.swift in Sources */,
				98E17F7224CC387E00CC5493 /* AppDelegate.swift in Sources */,
				9880CBA024CC8BFB00949E79 /* ArtObjectsViewController.swift in Sources */,
				B87C1DB924D343A700730DDB /* ImageManaged+CoreDataProperties.swift in Sources */,
				98890B7724CC5DE400A8A268 /* MuseumApiClient.swift in Sources */,
				B82EE65B24CF38F200E999E8 /* PageManaged+CoreDataProperties.swift in Sources */,
				98E17F7424CC387E00CC5493 /* SceneDelegate.swift in Sources */,
				B87C1DB824D343A700730DDB /* ImageManaged+CoreDataClass.swift in Sources */,
				9880CBA624CDEC3D00949E79 /* ArtObject.swift in Sources */,
				B87C1DB324D2AF0F00730DDB /* TextError.swift in Sources */,
				B82EE65D24CF38F200E999E8 /* ArtObjectManaged+CoreDataProperties.swift in Sources */,
				98890B7B24CC788C00A8A268 /* DataResponseError.swift in Sources */,
				B87C1DB524D2E61800730DDB /* ImageLoaderService.swift in Sources */,
				B82EE65F24CF3D8D00E999E8 /* CoreDataStack.swift in Sources */,
				98E17F7C24CC387E00CC5493 /* MuseumTest.xcdatamodeld in Sources */,
				98E87A8524CEBCF80004D609 /* ArtObjectsViewModel.swift in Sources */,
				9880CBA324CDE43B00949E79 /* ArtObjectTableViewCell.swift in Sources */,
				B8517C3B24D5E6230028E350 /* CoreDataService.swift in Sources */,
				98890B7D24CC7E3900A8A268 /* HTTPURLResponse+successStatusCode.swift in Sources */,
			);
			runOnlyForDeploymentPostprocessing = 0;
		};
/* End PBXSourcesBuildPhase section */

/* Begin PBXVariantGroup section */
		98E17F7724CC387E00CC5493 /* Main.storyboard */ = {
			isa = PBXVariantGroup;
			children = (
				98E17F7824CC387E00CC5493 /* Base */,
			);
			name = Main.storyboard;
			sourceTree = "<group>";
		};
		98E17F7F24CC388300CC5493 /* LaunchScreen.storyboard */ = {
			isa = PBXVariantGroup;
			children = (
				98E17F8024CC388300CC5493 /* Base */,
			);
			name = LaunchScreen.storyboard;
			sourceTree = "<group>";
		};
/* End PBXVariantGroup section */

/* Begin XCBuildConfiguration section */
		98E17F8324CC388300CC5493 /* Debug */ = {
			isa = XCBuildConfiguration;
			buildSettings = {
				ALWAYS_SEARCH_USER_PATHS = NO;
				CLANG_ANALYZER_NONNULL = YES;
				CLANG_ANALYZER_NUMBER_OBJECT_CONVERSION = YES_AGGRESSIVE;
				CLANG_CXX_LANGUAGE_STANDARD = "gnu++14";
				CLANG_CXX_LIBRARY = "libc++";
				CLANG_ENABLE_MODULES = YES;
				CLANG_ENABLE_OBJC_ARC = YES;
				CLANG_ENABLE_OBJC_WEAK = YES;
				CLANG_WARN_BLOCK_CAPTURE_AUTORELEASING = YES;
				CLANG_WARN_BOOL_CONVERSION = YES;
				CLANG_WARN_COMMA = YES;
				CLANG_WARN_CONSTANT_CONVERSION = YES;
				CLANG_WARN_DEPRECATED_OBJC_IMPLEMENTATIONS = YES;
				CLANG_WARN_DIRECT_OBJC_ISA_USAGE = YES_ERROR;
				CLANG_WARN_DOCUMENTATION_COMMENTS = YES;
				CLANG_WARN_EMPTY_BODY = YES;
				CLANG_WARN_ENUM_CONVERSION = YES;
				CLANG_WARN_INFINITE_RECURSION = YES;
				CLANG_WARN_INT_CONVERSION = YES;
				CLANG_WARN_NON_LITERAL_NULL_CONVERSION = YES;
				CLANG_WARN_OBJC_IMPLICIT_RETAIN_SELF = YES;
				CLANG_WARN_OBJC_LITERAL_CONVERSION = YES;
				CLANG_WARN_OBJC_ROOT_CLASS = YES_ERROR;
				CLANG_WARN_RANGE_LOOP_ANALYSIS = YES;
				CLANG_WARN_STRICT_PROTOTYPES = YES;
				CLANG_WARN_SUSPICIOUS_MOVE = YES;
				CLANG_WARN_UNGUARDED_AVAILABILITY = YES_AGGRESSIVE;
				CLANG_WARN_UNREACHABLE_CODE = YES;
				CLANG_WARN__DUPLICATE_METHOD_MATCH = YES;
				COPY_PHASE_STRIP = NO;
				DEBUG_INFORMATION_FORMAT = dwarf;
				ENABLE_STRICT_OBJC_MSGSEND = YES;
				ENABLE_TESTABILITY = YES;
				GCC_C_LANGUAGE_STANDARD = gnu11;
				GCC_DYNAMIC_NO_PIC = NO;
				GCC_NO_COMMON_BLOCKS = YES;
				GCC_OPTIMIZATION_LEVEL = 0;
				GCC_PREPROCESSOR_DEFINITIONS = (
					"DEBUG=1",
					"$(inherited)",
				);
				GCC_WARN_64_TO_32_BIT_CONVERSION = YES;
				GCC_WARN_ABOUT_RETURN_TYPE = YES_ERROR;
				GCC_WARN_UNDECLARED_SELECTOR = YES;
				GCC_WARN_UNINITIALIZED_AUTOS = YES_AGGRESSIVE;
				GCC_WARN_UNUSED_FUNCTION = YES;
				GCC_WARN_UNUSED_VARIABLE = YES;
				IPHONEOS_DEPLOYMENT_TARGET = 13.2;
				MTL_ENABLE_DEBUG_INFO = INCLUDE_SOURCE;
				MTL_FAST_MATH = YES;
				ONLY_ACTIVE_ARCH = YES;
				SDKROOT = iphoneos;
				SWIFT_ACTIVE_COMPILATION_CONDITIONS = DEBUG;
				SWIFT_OPTIMIZATION_LEVEL = "-Onone";
			};
			name = Debug;
		};
		98E17F8424CC388300CC5493 /* Release */ = {
			isa = XCBuildConfiguration;
			buildSettings = {
				ALWAYS_SEARCH_USER_PATHS = NO;
				CLANG_ANALYZER_NONNULL = YES;
				CLANG_ANALYZER_NUMBER_OBJECT_CONVERSION = YES_AGGRESSIVE;
				CLANG_CXX_LANGUAGE_STANDARD = "gnu++14";
				CLANG_CXX_LIBRARY = "libc++";
				CLANG_ENABLE_MODULES = YES;
				CLANG_ENABLE_OBJC_ARC = YES;
				CLANG_ENABLE_OBJC_WEAK = YES;
				CLANG_WARN_BLOCK_CAPTURE_AUTORELEASING = YES;
				CLANG_WARN_BOOL_CONVERSION = YES;
				CLANG_WARN_COMMA = YES;
				CLANG_WARN_CONSTANT_CONVERSION = YES;
				CLANG_WARN_DEPRECATED_OBJC_IMPLEMENTATIONS = YES;
				CLANG_WARN_DIRECT_OBJC_ISA_USAGE = YES_ERROR;
				CLANG_WARN_DOCUMENTATION_COMMENTS = YES;
				CLANG_WARN_EMPTY_BODY = YES;
				CLANG_WARN_ENUM_CONVERSION = YES;
				CLANG_WARN_INFINITE_RECURSION = YES;
				CLANG_WARN_INT_CONVERSION = YES;
				CLANG_WARN_NON_LITERAL_NULL_CONVERSION = YES;
				CLANG_WARN_OBJC_IMPLICIT_RETAIN_SELF = YES;
				CLANG_WARN_OBJC_LITERAL_CONVERSION = YES;
				CLANG_WARN_OBJC_ROOT_CLASS = YES_ERROR;
				CLANG_WARN_RANGE_LOOP_ANALYSIS = YES;
				CLANG_WARN_STRICT_PROTOTYPES = YES;
				CLANG_WARN_SUSPICIOUS_MOVE = YES;
				CLANG_WARN_UNGUARDED_AVAILABILITY = YES_AGGRESSIVE;
				CLANG_WARN_UNREACHABLE_CODE = YES;
				CLANG_WARN__DUPLICATE_METHOD_MATCH = YES;
				COPY_PHASE_STRIP = NO;
				DEBUG_INFORMATION_FORMAT = "dwarf-with-dsym";
				ENABLE_NS_ASSERTIONS = NO;
				ENABLE_STRICT_OBJC_MSGSEND = YES;
				GCC_C_LANGUAGE_STANDARD = gnu11;
				GCC_NO_COMMON_BLOCKS = YES;
				GCC_WARN_64_TO_32_BIT_CONVERSION = YES;
				GCC_WARN_ABOUT_RETURN_TYPE = YES_ERROR;
				GCC_WARN_UNDECLARED_SELECTOR = YES;
				GCC_WARN_UNINITIALIZED_AUTOS = YES_AGGRESSIVE;
				GCC_WARN_UNUSED_FUNCTION = YES;
				GCC_WARN_UNUSED_VARIABLE = YES;
				IPHONEOS_DEPLOYMENT_TARGET = 13.2;
				MTL_ENABLE_DEBUG_INFO = NO;
				MTL_FAST_MATH = YES;
				SDKROOT = iphoneos;
				SWIFT_COMPILATION_MODE = wholemodule;
				SWIFT_OPTIMIZATION_LEVEL = "-O";
				VALIDATE_PRODUCT = YES;
			};
			name = Release;
		};
		98E17F8624CC388300CC5493 /* Debug */ = {
			isa = XCBuildConfiguration;
			buildSettings = {
				ASSETCATALOG_COMPILER_APPICON_NAME = AppIcon;
				CODE_SIGN_STYLE = Automatic;
				DEVELOPMENT_TEAM = FS65CP63Q5;
				INFOPLIST_FILE = MuseumTest/Info.plist;
				LD_RUNPATH_SEARCH_PATHS = (
					"$(inherited)",
					"@executable_path/Frameworks",
				);
				PRODUCT_BUNDLE_IDENTIFIER = keereel.MuseumTest;
				PRODUCT_NAME = "$(TARGET_NAME)";
				SWIFT_VERSION = 5.0;
				TARGETED_DEVICE_FAMILY = "1,2";
			};
			name = Debug;
		};
		98E17F8724CC388300CC5493 /* Release */ = {
			isa = XCBuildConfiguration;
			buildSettings = {
				ASSETCATALOG_COMPILER_APPICON_NAME = AppIcon;
				CODE_SIGN_STYLE = Automatic;
				DEVELOPMENT_TEAM = FS65CP63Q5;
				INFOPLIST_FILE = MuseumTest/Info.plist;
				LD_RUNPATH_SEARCH_PATHS = (
					"$(inherited)",
					"@executable_path/Frameworks",
				);
				PRODUCT_BUNDLE_IDENTIFIER = keereel.MuseumTest;
				PRODUCT_NAME = "$(TARGET_NAME)";
				SWIFT_VERSION = 5.0;
				TARGETED_DEVICE_FAMILY = "1,2";
			};
			name = Release;
		};
/* End XCBuildConfiguration section */

/* Begin XCConfigurationList section */
		98E17F6924CC387E00CC5493 /* Build configuration list for PBXProject "MuseumTest" */ = {
			isa = XCConfigurationList;
			buildConfigurations = (
				98E17F8324CC388300CC5493 /* Debug */,
				98E17F8424CC388300CC5493 /* Release */,
			);
			defaultConfigurationIsVisible = 0;
			defaultConfigurationName = Release;
		};
		98E17F8524CC388300CC5493 /* Build configuration list for PBXNativeTarget "MuseumTest" */ = {
			isa = XCConfigurationList;
			buildConfigurations = (
				98E17F8624CC388300CC5493 /* Debug */,
				98E17F8724CC388300CC5493 /* Release */,
			);
			defaultConfigurationIsVisible = 0;
			defaultConfigurationName = Release;
		};
/* End XCConfigurationList section */

/* Begin XCVersionGroup section */
		98E17F7A24CC387E00CC5493 /* MuseumTest.xcdatamodeld */ = {
			isa = XCVersionGroup;
			children = (
				98E17F7B24CC387E00CC5493 /* MuseumTest.xcdatamodel */,
			);
			currentVersion = 98E17F7B24CC387E00CC5493 /* MuseumTest.xcdatamodel */;
			path = MuseumTest.xcdatamodeld;
			sourceTree = "<group>";
			versionGroupType = wrapper.xcdatamodel;
		};
/* End XCVersionGroup section */
	};
	rootObject = 98E17F6624CC387E00CC5493 /* Project object */;
}
